
Microsoft Visual Studio Solution File, Format Version 12.00
# Visual Studio 14
VisualStudioVersion = 14.0.23107.0
MinimumVisualStudioVersion = 10.0.40219.1
Project("{FAE04EC0-301F-11D3-BF4B-00C04F79EFBC}") = "CefSharp.Tests", "CefSharp.Tests\CefSharp.Tests.csproj", "{1C6D8AFA-8EB9-47D0-9439-6073B2818ADF}"
EndProject
Project("{FAE04EC0-301F-11D3-BF4B-00C04F79EFBC}") = "CefSharp.Example", "CefSharp.Example\CefSharp.Example.csproj", "{C043FFF7-5F71-4FFC-989A-E09E18548589}"
EndProject
Global
	GlobalSection(SolutionConfigurationPlatforms) = preSolution
		Debug|Any CPU = Debug|Any CPU
		Debug|Mixed Platforms = Debug|Mixed Platforms
		Debug|Win32 = Debug|Win32
		Release|Any CPU = Release|Any CPU
		Release|Mixed Platforms = Release|Mixed Platforms
		Release|Win32 = Release|Win32
	EndGlobalSection
	GlobalSection(ProjectConfigurationPlatforms) = postSolution
		{1C6D8AFA-8EB9-47D0-9439-6073B2818ADF}.Debug|Any CPU.ActiveCfg = Debug|Any CPU
		{1C6D8AFA-8EB9-47D0-9439-6073B2818ADF}.Debug|Any CPU.Build.0 = Debug|Any CPU
		{1C6D8AFA-8EB9-47D0-9439-6073B2818ADF}.Debug|Mixed Platforms.ActiveCfg = Debug|Any CPU
		{1C6D8AFA-8EB9-47D0-9439-6073B2818ADF}.Debug|Mixed Platforms.Build.0 = Debug|Any CPU
		{1C6D8AFA-8EB9-47D0-9439-6073B2818ADF}.Debug|Win32.ActiveCfg = Debug|Any CPU
		{1C6D8AFA-8EB9-47D0-9439-6073B2818ADF}.Release|Any CPU.ActiveCfg = Release|Any CPU
		{1C6D8AFA-8EB9-47D0-9439-6073B2818ADF}.Release|Any CPU.Build.0 = Release|Any CPU
		{1C6D8AFA-8EB9-47D0-9439-6073B2818ADF}.Release|Mixed Platforms.ActiveCfg = Release|Any CPU
		{1C6D8AFA-8EB9-47D0-9439-6073B2818ADF}.Release|Mixed Platforms.Build.0 = Release|Any CPU
		{1C6D8AFA-8EB9-47D0-9439-6073B2818ADF}.Release|Win32.ActiveCfg = Release|Any CPU
		{C043FFF7-5F71-4FFC-989A-E09E18548589}.Debug|Any CPU.ActiveCfg = Debug|Any CPU
		{C043FFF7-5F71-4FFC-989A-E09E18548589}.Debug|Any CPU.Build.0 = Debug|Any CPU
		{C043FFF7-5F71-4FFC-989A-E09E18548589}.Debug|Mixed Platforms.ActiveCfg = Debug|Any CPU
		{C043FFF7-5F71-4FFC-989A-E09E18548589}.Debug|Mixed Platforms.Build.0 = Debug|Any CPU
		{C043FFF7-5F71-4FFC-989A-E09E18548589}.Debug|Win32.ActiveCfg = Debug|Any CPU
		{C043FFF7-5F71-4FFC-989A-E09E18548589}.Release|Any CPU.ActiveCfg = Release|Any CPU
		{C043FFF7-5F71-4FFC-989A-E09E18548589}.Release|Any CPU.Build.0 = Release|Any CPU
		{C043FFF7-5F71-4FFC-989A-E09E18548589}.Release|Mixed Platforms.ActiveCfg = Release|Any CPU
		{C043FFF7-5F71-4FFC-989A-E09E18548589}.Release|Mixed Platforms.Build.0 = Release|Any CPU
		{C043FFF7-5F71-4FFC-989A-E09E18548589}.Release|Win32.ActiveCfg = Release|Any CPU
	EndGlobalSection
	GlobalSection(SolutionProperties) = preSolution
		HideSolutionNode = FALSE
	EndGlobalSection
	GlobalSection(ExtensibilityGlobals) = postSolution
		SolutionGuid = {C96F09CF-065B-45DD-9C5B-92DDB168C4C9}
	EndGlobalSection
EndGlobal
